
Microsoft Visual Studio Solution File, Format Version 12.00
# Visual Studio 2013
VisualStudioVersion = 12.0.30723.0
MinimumVisualStudioVersion = 10.0.40219.1
Project("{FAE04EC0-301F-11D3-BF4B-00C04F79EFBC}") = "Castle.Windsor.DependencyDigram", "Castle.Windsor.DependencyDigram\Castle.Windsor.DependencyDigram.csproj", "{F718004F-7A76-4169-A51A-BF779A883CBF}"
EndProject
Project("{FAE04EC0-301F-11D3-BF4B-00C04F79EFBC}") = "Castle.Windsor.DependencyDigram.Test", "Castle.Windsor.DependencyDigram.Test\Castle.Windsor.DependencyDigram.Test.csproj", "{F7114269-C09F-4ECD-9B69-CFEBF66AB0A1}"
EndProject
Global
	GlobalSection(SolutionConfigurationPlatforms) = preSolution
		Debug|Any CPU = Debug|Any CPU
		Release|Any CPU = Release|Any CPU
	EndGlobalSection
	GlobalSection(ProjectConfigurationPlatforms) = postSolution
		{F718004F-7A76-4169-A51A-BF779A883CBF}.Debug|Any CPU.ActiveCfg = Debug|Any CPU
		{F718004F-7A76-4169-A51A-BF779A883CBF}.Debug|Any CPU.Build.0 = Debug|Any CPU
		{F718004F-7A76-4169-A51A-BF779A883CBF}.Release|Any CPU.ActiveCfg = Release|Any CPU
		{F718004F-7A76-4169-A51A-BF779A883CBF}.Release|Any CPU.Build.0 = Release|Any CPU
		{F7114269-C09F-4ECD-9B69-CFEBF66AB0A1}.Debug|Any CPU.ActiveCfg = Debug|Any CPU
		{F7114269-C09F-4ECD-9B69-CFEBF66AB0A1}.Debug|Any CPU.Build.0 = Debug|Any CPU
		{F7114269-C09F-4ECD-9B69-CFEBF66AB0A1}.Release|Any CPU.ActiveCfg = Release|Any CPU
		{F7114269-C09F-4ECD-9B69-CFEBF66AB0A1}.Release|Any CPU.Build.0 = Release|Any CPU
	EndGlobalSection
	GlobalSection(SolutionProperties) = preSolution
		HideSolutionNode = FALSE
	EndGlobalSection
EndGlobal
